
Microsoft Visual Studio Solution File, Format Version 12.00
# Visual Studio Version 16
VisualStudioVersion = 16.0.29806.167
MinimumVisualStudioVersion = 10.0.40219.1
Project("{FAE04EC0-301F-11D3-BF4B-00C04F79EFBC}") = "tinyBrightness", "tinyBrightness\tinyBrightness.csproj", "{1743D2F6-8EB2-4110-948B-5B165A49533D}"
EndProject
Global
	GlobalSection(SolutionConfigurationPlatforms) = preSolution
		Debug|Any CPU = Debug|Any CPU
		Release|Any CPU = Release|Any CPU
	EndGlobalSection
	GlobalSection(ProjectConfigurationPlatforms) = postSolution
		{1743D2F6-8EB2-4110-948B-5B165A49533D}.Debug|Any CPU.ActiveCfg = Debug|Any CPU
		{1743D2F6-8EB2-4110-948B-5B165A49533D}.Debug|Any CPU.Build.0 = Debug|Any CPU
		{1743D2F6-8EB2-4110-948B-5B165A49533D}.Release|Any CPU.ActiveCfg = Release|Any CPU
		{1743D2F6-8EB2-4110-948B-5B165A49533D}.Release|Any CPU.Build.0 = Release|Any CPU
	EndGlobalSection
	GlobalSection(SolutionProperties) = preSolution
		HideSolutionNode = FALSE
	EndGlobalSection
	GlobalSection(ExtensibilityGlobals) = postSolution
		SolutionGuid = {16A1F097-665E-4BDA-B004-B526ACBF9DFC}
	EndGlobalSection
EndGlobal
